
Microsoft Visual Studio Solution File, Format Version 12.00
# Visual Studio Version 16
VisualStudioVersion = 16.0.29215.179
MinimumVisualStudioVersion = 10.0.40219.1
Project("{FAE04EC0-301F-11D3-BF4B-00C04F79EFBC}") = "MapApiWithMongoDB", "MapApiWithMongoDB\MapApiWithMongoDB.csproj", "{349A1681-630D-48A7-94EB-0A35CFD7E03C}"
EndProject
Global
	GlobalSection(SolutionConfigurationPlatforms) = preSolution
		Debug|Any CPU = Debug|Any CPU
		Release|Any CPU = Release|Any CPU
	EndGlobalSection
	GlobalSection(ProjectConfigurationPlatforms) = postSolution
		{349A1681-630D-48A7-94EB-0A35CFD7E03C}.Debug|Any CPU.ActiveCfg = Debug|Any CPU
		{349A1681-630D-48A7-94EB-0A35CFD7E03C}.Debug|Any CPU.Build.0 = Debug|Any CPU
		{349A1681-630D-48A7-94EB-0A35CFD7E03C}.Release|Any CPU.ActiveCfg = Release|Any CPU
		{349A1681-630D-48A7-94EB-0A35CFD7E03C}.Release|Any CPU.Build.0 = Release|Any CPU
	EndGlobalSection
	GlobalSection(SolutionProperties) = preSolution
		HideSolutionNode = FALSE
	EndGlobalSection
	GlobalSection(ExtensibilityGlobals) = postSolution
		SolutionGuid = {75E856F6-BF99-4BDC-8972-1C1D0AA6B634}
	EndGlobalSection
EndGlobal
